
Microsoft Visual Studio Solution File, Format Version 12.00
# Visual Studio Version 17
VisualStudioVersion = 17.6.33829.357
MinimumVisualStudioVersion = 10.0.40219.1
Project("{FAE04EC0-301F-11D3-BF4B-00C04F79EFBC}") = "foreach Cast", "foreach Cast\foreach Cast.csproj", "{4DD05E8E-2D52-4407-B6F0-09C9E308D615}"
EndProject
Global
	GlobalSection(SolutionConfigurationPlatforms) = preSolution
		Debug|Any CPU = Debug|Any CPU
		Release|Any CPU = Release|Any CPU
	EndGlobalSection
	GlobalSection(ProjectConfigurationPlatforms) = postSolution
		{4DD05E8E-2D52-4407-B6F0-09C9E308D615}.Debug|Any CPU.ActiveCfg = Debug|Any CPU
		{4DD05E8E-2D52-4407-B6F0-09C9E308D615}.Debug|Any CPU.Build.0 = Debug|Any CPU
		{4DD05E8E-2D52-4407-B6F0-09C9E308D615}.Release|Any CPU.ActiveCfg = Release|Any CPU
		{4DD05E8E-2D52-4407-B6F0-09C9E308D615}.Release|Any CPU.Build.0 = Release|Any CPU
	EndGlobalSection
	GlobalSection(SolutionProperties) = preSolution
		HideSolutionNode = FALSE
	EndGlobalSection
	GlobalSection(ExtensibilityGlobals) = postSolution
		SolutionGuid = {DD8DE4E3-49D7-4D18-AC03-BAFC737B0B6D}
	EndGlobalSection
EndGlobal
